
Microsoft Visual Studio Solution File, Format Version 12.00
# Visual Studio Version 17
VisualStudioVersion = 17.3.32901.215
MinimumVisualStudioVersion = 10.0.40219.1
Project("{FAE04EC0-301F-11D3-BF4B-00C04F79EFBC}") = "homework", "homework\homework.csproj", "{C78BDFE0-7973-4276-8BFF-EE09E5E0C374}"
EndProject
Global
	GlobalSection(SolutionConfigurationPlatforms) = preSolution
		Debug|Any CPU = Debug|Any CPU
		Release|Any CPU = Release|Any CPU
	EndGlobalSection
	GlobalSection(ProjectConfigurationPlatforms) = postSolution
		{C78BDFE0-7973-4276-8BFF-EE09E5E0C374}.Debug|Any CPU.ActiveCfg = Debug|Any CPU
		{C78BDFE0-7973-4276-8BFF-EE09E5E0C374}.Debug|Any CPU.Build.0 = Debug|Any CPU
		{C78BDFE0-7973-4276-8BFF-EE09E5E0C374}.Release|Any CPU.ActiveCfg = Release|Any CPU
		{C78BDFE0-7973-4276-8BFF-EE09E5E0C374}.Release|Any CPU.Build.0 = Release|Any CPU
	EndGlobalSection
	GlobalSection(SolutionProperties) = preSolution
		HideSolutionNode = FALSE
	EndGlobalSection
	GlobalSection(ExtensibilityGlobals) = postSolution
		SolutionGuid = {F25A06B3-2055-4699-9A7F-FA3FAD971453}
	EndGlobalSection
EndGlobal
